
Microsoft Visual Studio Solution File, Format Version 12.00
# Visual Studio 15
VisualStudioVersion = 15.0.28307.1062
MinimumVisualStudioVersion = 10.0.40219.1
Project("{8BC9CEB8-8B4A-11D0-8D11-00A0C91BC942}") = "J", "J\J.vcxproj", "{BF4A70F2-7A5A-4680-865B-75E9BB94AF1D}"
EndProject
Global
	GlobalSection(SolutionConfigurationPlatforms) = preSolution
		Debug|x64 = Debug|x64
		Debug|x86 = Debug|x86
		Release|x64 = Release|x64
		Release|x86 = Release|x86
	EndGlobalSection
	GlobalSection(ProjectConfigurationPlatforms) = postSolution
		{BF4A70F2-7A5A-4680-865B-75E9BB94AF1D}.Debug|x64.ActiveCfg = Debug|x64
		{BF4A70F2-7A5A-4680-865B-75E9BB94AF1D}.Debug|x64.Build.0 = Debug|x64
		{BF4A70F2-7A5A-4680-865B-75E9BB94AF1D}.Debug|x86.ActiveCfg = Debug|Win32
		{BF4A70F2-7A5A-4680-865B-75E9BB94AF1D}.Debug|x86.Build.0 = Debug|Win32
		{BF4A70F2-7A5A-4680-865B-75E9BB94AF1D}.Release|x64.ActiveCfg = Release|x64
		{BF4A70F2-7A5A-4680-865B-75E9BB94AF1D}.Release|x64.Build.0 = Release|x64
		{BF4A70F2-7A5A-4680-865B-75E9BB94AF1D}.Release|x86.ActiveCfg = Release|Win32
		{BF4A70F2-7A5A-4680-865B-75E9BB94AF1D}.Release|x86.Build.0 = Release|Win32
	EndGlobalSection
	GlobalSection(SolutionProperties) = preSolution
		HideSolutionNode = FALSE
	EndGlobalSection
	GlobalSection(ExtensibilityGlobals) = postSolution
		SolutionGuid = {AF747702-CFB0-481D-BFDF-78D15E6893BA}
	EndGlobalSection
EndGlobal
